
Microsoft Visual Studio Solution File, Format Version 12.00
# Visual Studio Version 17
VisualStudioVersion = 17.8.34511.84
MinimumVisualStudioVersion = 10.0.40219.1
Project("{9A19103F-16F7-4668-BE54-9A1E7A4F7556}") = "MotoApp", "MotoApp\MotoApp.csproj", "{0BABE393-F7E7-410C-BDA2-0103609D9AAE}"
EndProject
Project("{2150E333-8FDC-42A3-9474-1A3956D46DE8}") = "Solution Items", "Solution Items", "{C1B3A256-D6FA-4EC5-B33A-FCF624F85304}"
EndProject
Project("{2150E333-8FDC-42A3-9474-1A3956D46DE8}") = "Work", "Work", "{2D0DFAA6-56C0-4F99-A08F-14A7B3F25DE1}"
	ProjectSection(SolutionItems) = preProject
		Dzien1.txt = Dzien1.txt
		Moduł2.txt = Moduł2.txt
	EndProjectSection
EndProject
Global
	GlobalSection(SolutionConfigurationPlatforms) = preSolution
		Debug|Any CPU = Debug|Any CPU
		Release|Any CPU = Release|Any CPU
	EndGlobalSection
	GlobalSection(ProjectConfigurationPlatforms) = postSolution
		{0BABE393-F7E7-410C-BDA2-0103609D9AAE}.Debug|Any CPU.ActiveCfg = Debug|Any CPU
		{0BABE393-F7E7-410C-BDA2-0103609D9AAE}.Debug|Any CPU.Build.0 = Debug|Any CPU
		{0BABE393-F7E7-410C-BDA2-0103609D9AAE}.Release|Any CPU.ActiveCfg = Release|Any CPU
		{0BABE393-F7E7-410C-BDA2-0103609D9AAE}.Release|Any CPU.Build.0 = Release|Any CPU
	EndGlobalSection
	GlobalSection(SolutionProperties) = preSolution
		HideSolutionNode = FALSE
	EndGlobalSection
	GlobalSection(NestedProjects) = preSolution
		{2D0DFAA6-56C0-4F99-A08F-14A7B3F25DE1} = {C1B3A256-D6FA-4EC5-B33A-FCF624F85304}
	EndGlobalSection
	GlobalSection(ExtensibilityGlobals) = postSolution
		SolutionGuid = {AC2D91DF-DE62-424D-86EC-C83F2DE33651}
	EndGlobalSection
EndGlobal
